
Microsoft Visual Studio Solution File, Format Version 12.00
# Visual Studio Version 17
VisualStudioVersion = 17.1.32210.238
MinimumVisualStudioVersion = 10.0.40219.1
Project("{9A19103F-16F7-4668-BE54-9A1E7A4F7556}") = "Session-06", "Session-06\Session-06.csproj", "{38F2FC82-E09B-4929-B6BB-75B3F36484E7}"
EndProject
Project("{FAE04EC0-301F-11D3-BF4B-00C04F79EFBC}") = "Calculator", "Calculator\Calculator.csproj", "{A1C82860-8CD7-43C8-99FA-001EC6EF8568}"
EndProject
Global
	GlobalSection(SolutionConfigurationPlatforms) = preSolution
		Debug|Any CPU = Debug|Any CPU
		Release|Any CPU = Release|Any CPU
	EndGlobalSection
	GlobalSection(ProjectConfigurationPlatforms) = postSolution
		{38F2FC82-E09B-4929-B6BB-75B3F36484E7}.Debug|Any CPU.ActiveCfg = Debug|Any CPU
		{38F2FC82-E09B-4929-B6BB-75B3F36484E7}.Debug|Any CPU.Build.0 = Debug|Any CPU
		{38F2FC82-E09B-4929-B6BB-75B3F36484E7}.Release|Any CPU.ActiveCfg = Release|Any CPU
		{38F2FC82-E09B-4929-B6BB-75B3F36484E7}.Release|Any CPU.Build.0 = Release|Any CPU
		{A1C82860-8CD7-43C8-99FA-001EC6EF8568}.Debug|Any CPU.ActiveCfg = Debug|Any CPU
		{A1C82860-8CD7-43C8-99FA-001EC6EF8568}.Debug|Any CPU.Build.0 = Debug|Any CPU
		{A1C82860-8CD7-43C8-99FA-001EC6EF8568}.Release|Any CPU.ActiveCfg = Release|Any CPU
		{A1C82860-8CD7-43C8-99FA-001EC6EF8568}.Release|Any CPU.Build.0 = Release|Any CPU
	EndGlobalSection
	GlobalSection(SolutionProperties) = preSolution
		HideSolutionNode = FALSE
	EndGlobalSection
	GlobalSection(ExtensibilityGlobals) = postSolution
		SolutionGuid = {A94EA263-32A0-41E9-B06B-79F0B8F9D8E7}
	EndGlobalSection
EndGlobal
