
Microsoft Visual Studio Solution File, Format Version 12.00
# Visual Studio Version 17
VisualStudioVersion = 17.1.32210.238
MinimumVisualStudioVersion = 10.0.40219.1
Project("{FAE04EC0-301F-11D3-BF4B-00C04F79EFBC}") = "Session_21", "Session_21\Session_21.csproj", "{F6E1B197-DED8-47DE-8D8E-2D849EDE1B9B}"
EndProject
Global
	GlobalSection(SolutionConfigurationPlatforms) = preSolution
		Debug|Any CPU = Debug|Any CPU
		Release|Any CPU = Release|Any CPU
	EndGlobalSection
	GlobalSection(ProjectConfigurationPlatforms) = postSolution
		{F6E1B197-DED8-47DE-8D8E-2D849EDE1B9B}.Debug|Any CPU.ActiveCfg = Debug|Any CPU
		{F6E1B197-DED8-47DE-8D8E-2D849EDE1B9B}.Debug|Any CPU.Build.0 = Debug|Any CPU
		{F6E1B197-DED8-47DE-8D8E-2D849EDE1B9B}.Release|Any CPU.ActiveCfg = Release|Any CPU
		{F6E1B197-DED8-47DE-8D8E-2D849EDE1B9B}.Release|Any CPU.Build.0 = Release|Any CPU
	EndGlobalSection
	GlobalSection(SolutionProperties) = preSolution
		HideSolutionNode = FALSE
	EndGlobalSection
	GlobalSection(ExtensibilityGlobals) = postSolution
		SolutionGuid = {5783126D-C0ED-4605-AA04-DE06CDFA2F2D}
	EndGlobalSection
EndGlobal
